PODS:
  - CocoaAsyncSocket (7.6.5)
  - Masonry (1.1.0)
  - SJBaseVideoPlayer (3.5.2):
    - Masonry
    - SJBaseVideoPlayer/AVPlayer (= 3.5.2)
    - SJBaseVideoPlayer/Common (= 3.5.2)
    - SJUIKit/AttributesFactory (>= 0.0.0.38)
    - SJUIKit/ObserverHelper
    - SJUIKit/Queues
    - SJUIKit/SQLite3
  - SJBaseVideoPlayer/AVPlayer (3.5.2):
    - Masonry
    - SJBaseVideoPlayer/Common
    - SJUIKit/AttributesFactory (>= 0.0.0.38)
    - SJUIKit/ObserverHelper
    - SJUIKit/Queues
    - SJUIKit/SQLite3
  - SJBaseVideoPlayer/Common (3.5.2):
    - Masonry
    - SJBaseVideoPlayer/ResourceLoader
    - SJUIKit/AttributesFactory (>= 0.0.0.38)
    - SJUIKit/ObserverHelper
    - SJUIKit/Queues
    - SJUIKit/SQLite3
  - SJBaseVideoPlayer/ResourceLoader (3.5.2):
    - Masonry
    - SJUIKit/AttributesFactory (>= 0.0.0.38)
    - SJUIKit/ObserverHelper
    - SJUIKit/Queues
    - SJUIKit/SQLite3
  - SJMediaCacheServer (1.6.0):
    - SJMediaCacheServer/Core (= 1.6.0)
    - SJMediaCacheServer/KTVCocoaHTTPServer (= 1.6.0)
    - SJUIKit/SQLite3
  - SJMediaCacheServer/Core (1.6.0):
    - SJMediaCacheServer/KTVCocoaHTTPServer
    - SJUIKit/SQLite3
  - SJMediaCacheServer/KTVCocoaHTTPServer (1.6.0):
    - CocoaAsyncSocket
    - SJUIKit/SQLite3
  - SJUIKit/AttributesFactory (0.0.0.52):
    - SJUIKit/AttributesFactory/Deprecated (= 0.0.0.52)
    - SJUIKit/AttributesFactory/UIKitText (= 0.0.0.52)
  - SJUIKit/AttributesFactory/Deprecated (0.0.0.52)
  - SJUIKit/AttributesFactory/UIKitText (0.0.0.52)
  - SJUIKit/ObserverHelper (0.0.0.52)
  - SJUIKit/Queues (0.0.0.52)
  - SJUIKit/SQLite3 (0.0.0.52):
    - SJUIKit/SQLite3/Core (= 0.0.0.52)
    - SJUIKit/SQLite3/Protocol (= 0.0.0.52)
    - YYModel
  - SJUIKit/SQLite3/Core (0.0.0.52):
    - SJUIKit/SQLite3/Protocol
    - YYModel
  - SJUIKit/SQLite3/Protocol (0.0.0.52):
    - YYModel
  - SJVideoPlayer (3.3.0):
    - SJBaseVideoPlayer (>= 3.5.0)
    - SJVideoPlayer/Common (= 3.3.0)
    - SJVideoPlayer/ControlLayers (= 3.3.0)
    - SJVideoPlayer/ResourceLoader (= 3.3.0)
  - SJVideoPlayer/Common (3.3.0):
    - Masonry
    - SJBaseVideoPlayer (>= 3.5.0)
    - SJUIKit/AttributesFactory
    - SJVideoPlayer/ResourceLoader
  - SJVideoPlayer/ControlLayers (3.3.0):
    - SJBaseVideoPlayer (>= 3.5.0)
    - SJVideoPlayer/Common
  - SJVideoPlayer/ResourceLoader (3.3.0):
    - SJBaseVideoPlayer (>= 3.5.0)
  - YYModel (1.0.4)

DEPENDENCIES:
  - SJMediaCacheServer (from `../`)
  - SJUIKit/SQLite3
  - SJVideoPlayer

SPEC REPOS:
  trunk:
    - CocoaAsyncSocket
    - Masonry
    - SJBaseVideoPlayer
    - SJUIKit
    - SJVideoPlayer
    - YYModel

EXTERNAL SOURCES:
  SJMediaCacheServer:
    :path: "../"

SPEC CHECKSUMS:
  CocoaAsyncSocket: 065fd1e645c7abab64f7a6a2007a48038fdc6a99
  Masonry: 678fab65091a9290e40e2832a55e7ab731aad201
  SJBaseVideoPlayer: c8f2fdb374ec2c946c37b1f39eee24f0812a979b
  SJMediaCacheServer: 41ce12c235a0baaf713daefcaf47b0556675b3dc
  SJUIKit: 8246b1001e616b0dbd090309fd58cdd609ae3fd4
  SJVideoPlayer: f819c5074aea5192fe624784f8a7e820e45b85cf
  YYModel: 2a7fdd96aaa4b86a824e26d0c517de8928c04b30

PODFILE CHECKSUM: 690818b1e4af91654d69c268d523fe8d360cee62

COCOAPODS: 1.10.1
