// !$*UTF8*$!
{
	archiveVersion = 1;
	classes = {
	};
	objectVersion = 46;
	objects = {

/* Begin PBXBuildFile section */
		3D3A5962E0F03F48714ECC02 /* libPods-SJMediaCacheServer_Example.a in Frameworks */ = {isa = PBXBuildFile; fileRef = 6C9EB0F0D442524CE20AF77D /* libPods-SJMediaCacheServer_Example.a */; };
		6003F58E195388D20070C39A /* Foundation.framework in Frameworks */ = {isa = PBXBuildFile; fileRef = 6003F58D195388D20070C39A /* Foundation.framework */; };
		6003F590195388D20070C39A /* CoreGraphics.framework in Frameworks */ = {isa = PBXBuildFile; fileRef = 6003F58F195388D20070C39A /* CoreGraphics.framework */; };
		6003F592195388D20070C39A /* UIKit.framework in Frameworks */ = {isa = PBXBuildFile; fileRef = 6003F591195388D20070C39A /* UIKit.framework */; };
		6003F598195388D20070C39A /* InfoPlist.strings in Resources */ = {isa = PBXBuildFile; fileRef = 6003F596195388D20070C39A /* InfoPlist.strings */; };
		6003F59A195388D20070C39A /* main.m in Sources */ = {isa = PBXBuildFile; fileRef = 6003F599195388D20070C39A /* main.m */; };
		6003F59E195388D20070C39A /* SJAppDelegate.m in Sources */ = {isa = PBXBuildFile; fileRef = 6003F59D195388D20070C39A /* SJAppDelegate.m */; };
		6003F5A7195388D20070C39A /* SJViewController.m in Sources */ = {isa = PBXBuildFile; fileRef = 6003F5A6195388D20070C39A /* SJViewController.m */; };
		6003F5A9195388D20070C39A /* Images.xcassets in Resources */ = {isa = PBXBuildFile; fileRef = 6003F5A8195388D20070C39A /* Images.xcassets */; };
		6003F5B0195388D20070C39A /* XCTest.framework in Frameworks */ = {isa = PBXBuildFile; fileRef = 6003F5AF195388D20070C39A /* XCTest.framework */; };
		6003F5B1195388D20070C39A /* Foundation.framework in Frameworks */ = {isa = PBXBuildFile; fileRef = 6003F58D195388D20070C39A /* Foundation.framework */; };
		6003F5B2195388D20070C39A /* UIKit.framework in Frameworks */ = {isa = PBXBuildFile; fileRef = 6003F591195388D20070C39A /* UIKit.framework */; };
		6003F5BA195388D20070C39A /* InfoPlist.strings in Resources */ = {isa = PBXBuildFile; fileRef = 6003F5B8195388D20070C39A /* InfoPlist.strings */; };
		6003F5BC195388D20070C39A /* Tests.m in Sources */ = {isa = PBXBuildFile; fileRef = 6003F5BB195388D20070C39A /* Tests.m */; };
		71719F9F1E33DC2100824A3D /* LaunchScreen.storyboard in Resources */ = {isa = PBXBuildFile; fileRef = 71719F9D1E33DC2100824A3D /* LaunchScreen.storyboard */; };
		770194E2248228A900057D05 /* SJMediaCacheServer.m in Sources */ = {isa = PBXBuildFile; fileRef = 770194E1248228A900057D05 /* SJMediaCacheServer.m */; };
		770194E6248228BD00057D05 /* MCSProxyServer.m in Sources */ = {isa = PBXBuildFile; fileRef = 770194E5248228BD00057D05 /* MCSProxyServer.m */; };
		770194FC24826ADE00057D05 /* audio.m4a in Resources */ = {isa = PBXBuildFile; fileRef = 770194FB24826ADE00057D05 /* audio.m4a */; };
		7729D8382486174C00462899 /* MCSVODResource.m in Sources */ = {isa = PBXBuildFile; fileRef = 7729D8372486174C00462899 /* MCSVODResource.m */; };
		7729D83E2486201300462899 /* MCSSessionTask.m in Sources */ = {isa = PBXBuildFile; fileRef = 7729D83D2486201300462899 /* MCSSessionTask.m */; };
		7729D84A248657DE00462899 /* MCSURLRecognizer.m in Sources */ = {isa = PBXBuildFile; fileRef = 7729D849248657DE00462899 /* MCSURLRecognizer.m */; };
		774AB9312487B44C0049CAC3 /* MCSResourceFileManager.m in Sources */ = {isa = PBXBuildFile; fileRef = 774AB92F2487B44C0049CAC3 /* MCSResourceFileManager.m */; };
		776A20FB248FAA6F00A0EFDD /* MCSResourceUsageLog.m in Sources */ = {isa = PBXBuildFile; fileRef = 776A20FA248FAA6F00A0EFDD /* MCSResourceUsageLog.m */; };
		777BA2DF248F7D4800333C3B /* MCSHLSReader.m in Sources */ = {isa = PBXBuildFile; fileRef = 777BA2DE248F7D4800333C3B /* MCSHLSReader.m */; };
		777BA2E5248F90D700333C3B /* MCSResource.m in Sources */ = {isa = PBXBuildFile; fileRef = 777BA2E4248F90D700333C3B /* MCSResource.m */; };
		779645C0248E7809003C8248 /* MCSVODResourcePrefetcher.m in Sources */ = {isa = PBXBuildFile; fileRef = 779645BF248E7809003C8248 /* MCSVODResourcePrefetcher.m */; };
		779645CB248E93B3003C8248 /* MCSLogger.m in Sources */ = {isa = PBXBuildFile; fileRef = 779645CA248E93B3003C8248 /* MCSLogger.m */; };
		779645D5248F42E8003C8248 /* test.m3u8 in Resources */ = {isa = PBXBuildFile; fileRef = 779645D4248F42E8003C8248 /* test.m3u8 */; };
		779645D9248F5083003C8248 /* MCSHLSResource.m in Sources */ = {isa = PBXBuildFile; fileRef = 779645D8248F5083003C8248 /* MCSHLSResource.m */; };
		779645DC248F532B003C8248 /* NSURLRequest+MCS.m in Sources */ = {isa = PBXBuildFile; fileRef = 779645DB248F532B003C8248 /* NSURLRequest+MCS.m */; };
		77A4BBEC2488901A0007836D /* MCSResourceResponse.m in Sources */ = {isa = PBXBuildFile; fileRef = 77A4BBEB2488901A0007836D /* MCSResourceResponse.m */; };
		77CC43E92487487F006C5B45 /* MCSDownload.m in Sources */ = {isa = PBXBuildFile; fileRef = 77CC43E72487487F006C5B45 /* MCSDownload.m */; };
		77CC43FE248774F6006C5B45 /* MCSVODReader.m in Sources */ = {isa = PBXBuildFile; fileRef = 77CC43FD248774F6006C5B45 /* MCSVODReader.m */; };
		77CC4401248778CC006C5B45 /* MCSVODResourcePartialContent.m in Sources */ = {isa = PBXBuildFile; fileRef = 77CC43FF248778CC006C5B45 /* MCSVODResourcePartialContent.m */; };
		77D25D7B24877E6000BB1B1A /* MCSResourceFileDataReader.m in Sources */ = {isa = PBXBuildFile; fileRef = 77D25D7A24877E6000BB1B1A /* MCSResourceFileDataReader.m */; };
		77D25D7E24877E6A00BB1B1A /* MCSResourceNetworkDataReader.m in Sources */ = {isa = PBXBuildFile; fileRef = 77D25D7D24877E6A00BB1B1A /* MCSResourceNetworkDataReader.m */; };
		77D25D902487AB1400BB1B1A /* MCSResourceManager.m in Sources */ = {isa = PBXBuildFile; fileRef = 77D25D8F2487AB1400BB1B1A /* MCSResourceManager.m */; };
		77F619B1248DE807009D3DD7 /* MCSError.m in Sources */ = {isa = PBXBuildFile; fileRef = 77F619B0248DE807009D3DD7 /* MCSError.m */; };
		77F619B4248DEBF6009D3DD7 /* MCSUtils.m in Sources */ = {isa = PBXBuildFile; fileRef = 77F619B3248DEBF6009D3DD7 /* MCSUtils.m */; };
		873B8AEB1B1F5CCA007FD442 /* Main.storyboard in Resources */ = {isa = PBXBuildFile; fileRef = 873B8AEA1B1F5CCA007FD442 /* Main.storyboard */; };
/* End PBXBuildFile section */

/* Begin PBXContainerItemProxy section */
		6003F5B3195388D20070C39A /* PBXContainerItemProxy */ = {
			isa = PBXContainerItemProxy;
			containerPortal = 6003F582195388D10070C39A /* Project object */;
			proxyType = 1;
			remoteGlobalIDString = 6003F589195388D20070C39A;
			remoteInfo = SJMediaCacheServer;
		};
/* End PBXContainerItemProxy section */

/* Begin PBXFileReference section */
		1274DFD2FCE27CB01B3807BF /* SJMediaCacheServer.podspec */ = {isa = PBXFileReference; includeInIndex = 1; lastKnownFileType = text; name = SJMediaCacheServer.podspec; path = ../SJMediaCacheServer.podspec; sourceTree = "<group>"; xcLanguageSpecificationIdentifier = xcode.lang.ruby; };
		5BE1145C1383D0CE4EDE7F39 /* libPods-SJMediaCacheServer_Tests.a */ = {isa = PBXFileReference; explicitFileType = archive.ar; includeInIndex = 0; path = "libPods-SJMediaCacheServer_Tests.a"; sourceTree = BUILT_PRODUCTS_DIR; };
		6003F58A195388D20070C39A /* SJMediaCacheServer_Example.app */ = {isa = PBXFileReference; explicitFileType = wrapper.application; includeInIndex = 0; path = SJMediaCacheServer_Example.app; sourceTree = BUILT_PRODUCTS_DIR; };
		6003F58D195388D20070C39A /* Foundation.framework */ = {isa = PBXFileReference; lastKnownFileType = wrapper.framework; name = Foundation.framework; path = System/Library/Frameworks/Foundation.framework; sourceTree = SDKROOT; };
		6003F58F195388D20070C39A /* CoreGraphics.framework */ = {isa = PBXFileReference; lastKnownFileType = wrapper.framework; name = CoreGraphics.framework; path = System/Library/Frameworks/CoreGraphics.framework; sourceTree = SDKROOT; };
		6003F591195388D20070C39A /* UIKit.framework */ = {isa = PBXFileReference; lastKnownFileType = wrapper.framework; name = UIKit.framework; path = System/Library/Frameworks/UIKit.framework; sourceTree = SDKROOT; };
		6003F595195388D20070C39A /* SJMediaCacheServer-Info.plist */ = {isa = PBXFileReference; lastKnownFileType = text.plist.xml; path = "SJMediaCacheServer-Info.plist"; sourceTree = "<group>"; };
		6003F597195388D20070C39A /* en */ = {isa = PBXFileReference; lastKnownFileType = text.plist.strings; name = en; path = en.lproj/InfoPlist.strings; sourceTree = "<group>"; };
		6003F599195388D20070C39A /* main.m */ = {isa = PBXFileReference; lastKnownFileType = sourcecode.c.objc; path = main.m; sourceTree = "<group>"; };
		6003F59B195388D20070C39A /* SJMediaCacheServer-Prefix.pch */ = {isa = PBXFileReference; lastKnownFileType = sourcecode.c.h; path = "SJMediaCacheServer-Prefix.pch"; sourceTree = "<group>"; };
		6003F59C195388D20070C39A /* SJAppDelegate.h */ = {isa = PBXFileReference; lastKnownFileType = sourcecode.c.h; path = SJAppDelegate.h; sourceTree = "<group>"; };
		6003F59D195388D20070C39A /* SJAppDelegate.m */ = {isa = PBXFileReference; lastKnownFileType = sourcecode.c.objc; path = SJAppDelegate.m; sourceTree = "<group>"; };
		6003F5A5195388D20070C39A /* SJViewController.h */ = {isa = PBXFileReference; lastKnownFileType = sourcecode.c.h; path = SJViewController.h; sourceTree = "<group>"; };
		6003F5A6195388D20070C39A /* SJViewController.m */ = {isa = PBXFileReference; lastKnownFileType = sourcecode.c.objc; path = SJViewController.m; sourceTree = "<group>"; };
		6003F5A8195388D20070C39A /* Images.xcassets */ = {isa = PBXFileReference; lastKnownFileType = folder.assetcatalog; path = Images.xcassets; sourceTree = "<group>"; };
		6003F5AE195388D20070C39A /* SJMediaCacheServer_Tests.xctest */ = {isa = PBXFileReference; explicitFileType = wrapper.cfbundle; includeInIndex = 0; path = SJMediaCacheServer_Tests.xctest; sourceTree = BUILT_PRODUCTS_DIR; };
		6003F5AF195388D20070C39A /* XCTest.framework */ = {isa = PBXFileReference; lastKnownFileType = wrapper.framework; name = XCTest.framework; path = Library/Frameworks/XCTest.framework; sourceTree = DEVELOPER_DIR; };
		6003F5B7195388D20070C39A /* Tests-Info.plist */ = {isa = PBXFileReference; lastKnownFileType = text.plist.xml; path = "Tests-Info.plist"; sourceTree = "<group>"; };
		6003F5B9195388D20070C39A /* en */ = {isa = PBXFileReference; lastKnownFileType = text.plist.strings; name = en; path = en.lproj/InfoPlist.strings; sourceTree = "<group>"; };
		6003F5BB195388D20070C39A /* Tests.m */ = {isa = PBXFileReference; lastKnownFileType = sourcecode.c.objc; path = Tests.m; sourceTree = "<group>"; };
		606FC2411953D9B200FFA9A0 /* Tests-Prefix.pch */ = {isa = PBXFileReference; lastKnownFileType = sourcecode.c.h; path = "Tests-Prefix.pch"; sourceTree = "<group>"; };
		6C9EB0F0D442524CE20AF77D /* libPods-SJMediaCacheServer_Example.a */ = {isa = PBXFileReference; explicitFileType = archive.ar; includeInIndex = 0; path = "libPods-SJMediaCacheServer_Example.a"; sourceTree = BUILT_PRODUCTS_DIR; };
		71719F9E1E33DC2100824A3D /* Base */ = {isa = PBXFileReference; lastKnownFileType = file.storyboard; name = Base; path = Base.lproj/LaunchScreen.storyboard; sourceTree = "<group>"; };
		770194E0248228A900057D05 /* SJMediaCacheServer.h */ = {isa = PBXFileReference; lastKnownFileType = sourcecode.c.h; path = SJMediaCacheServer.h; sourceTree = "<group>"; };
		770194E1248228A900057D05 /* SJMediaCacheServer.m */ = {isa = PBXFileReference; lastKnownFileType = sourcecode.c.objc; path = SJMediaCacheServer.m; sourceTree = "<group>"; };
		770194E4248228BD00057D05 /* MCSProxyServer.h */ = {isa = PBXFileReference; lastKnownFileType = sourcecode.c.h; path = MCSProxyServer.h; sourceTree = "<group>"; };
		770194E5248228BD00057D05 /* MCSProxyServer.m */ = {isa = PBXFileReference; lastKnownFileType = sourcecode.c.objc; path = MCSProxyServer.m; sourceTree = "<group>"; };
		770194F42482369500057D05 /* MCSDefines.h */ = {isa = PBXFileReference; lastKnownFileType = sourcecode.c.h; path = MCSDefines.h; sourceTree = "<group>"; };
		770194FB24826ADE00057D05 /* audio.m4a */ = {isa = PBXFileReference; lastKnownFileType = file; path = audio.m4a; sourceTree = "<group>"; };
		7729D8362486174C00462899 /* MCSVODResource.h */ = {isa = PBXFileReference; lastKnownFileType = sourcecode.c.h; path = MCSVODResource.h; sourceTree = "<group>"; };
		7729D8372486174C00462899 /* MCSVODResource.m */ = {isa = PBXFileReference; lastKnownFileType = sourcecode.c.objc; path = MCSVODResource.m; sourceTree = "<group>"; };
		7729D83C2486201300462899 /* MCSSessionTask.h */ = {isa = PBXFileReference; lastKnownFileType = sourcecode.c.h; path = MCSSessionTask.h; sourceTree = "<group>"; };
		7729D83D2486201300462899 /* MCSSessionTask.m */ = {isa = PBXFileReference; lastKnownFileType = sourcecode.c.objc; path = MCSSessionTask.m; sourceTree = "<group>"; };
		7729D848248657DE00462899 /* MCSURLRecognizer.h */ = {isa = PBXFileReference; lastKnownFileType = sourcecode.c.h; path = MCSURLRecognizer.h; sourceTree = "<group>"; };
		7729D849248657DE00462899 /* MCSURLRecognizer.m */ = {isa = PBXFileReference; lastKnownFileType = sourcecode.c.objc; path = MCSURLRecognizer.m; sourceTree = "<group>"; };
		774AB92F2487B44C0049CAC3 /* MCSResourceFileManager.m */ = {isa = PBXFileReference; fileEncoding = 4; lastKnownFileType = sourcecode.c.objc; path = MCSResourceFileManager.m; sourceTree = "<group>"; };
		774AB9302487B44C0049CAC3 /* MCSResourceFileManager.h */ = {isa = PBXFileReference; fileEncoding = 4; lastKnownFileType = sourcecode.c.h; path = MCSResourceFileManager.h; sourceTree = "<group>"; };
		776A20F9248FAA6F00A0EFDD /* MCSResourceUsageLog.h */ = {isa = PBXFileReference; lastKnownFileType = sourcecode.c.h; path = MCSResourceUsageLog.h; sourceTree = "<group>"; };
		776A20FA248FAA6F00A0EFDD /* MCSResourceUsageLog.m */ = {isa = PBXFileReference; lastKnownFileType = sourcecode.c.objc; path = MCSResourceUsageLog.m; sourceTree = "<group>"; };
		777BA2DD248F7D4800333C3B /* MCSHLSReader.h */ = {isa = PBXFileReference; lastKnownFileType = sourcecode.c.h; path = MCSHLSReader.h; sourceTree = "<group>"; };
		777BA2DE248F7D4800333C3B /* MCSHLSReader.m */ = {isa = PBXFileReference; lastKnownFileType = sourcecode.c.objc; path = MCSHLSReader.m; sourceTree = "<group>"; };
		777BA2E0248F84A200333C3B /* MCSHLSResource+MCSPrivate.h */ = {isa = PBXFileReference; lastKnownFileType = sourcecode.c.h; path = "MCSHLSResource+MCSPrivate.h"; sourceTree = "<group>"; };
		777BA2E3248F90D700333C3B /* MCSResource.h */ = {isa = PBXFileReference; lastKnownFileType = sourcecode.c.h; path = MCSResource.h; sourceTree = "<group>"; };
		777BA2E4248F90D700333C3B /* MCSResource.m */ = {isa = PBXFileReference; lastKnownFileType = sourcecode.c.objc; path = MCSResource.m; sourceTree = "<group>"; };
		777BA2E6248F923300333C3B /* MCSResourceSubclass.h */ = {isa = PBXFileReference; lastKnownFileType = sourcecode.c.h; path = MCSResourceSubclass.h; sourceTree = "<group>"; };
		779645BE248E7809003C8248 /* MCSVODResourcePrefetcher.h */ = {isa = PBXFileReference; lastKnownFileType = sourcecode.c.h; path = MCSVODResourcePrefetcher.h; sourceTree = "<group>"; };
		779645BF248E7809003C8248 /* MCSVODResourcePrefetcher.m */ = {isa = PBXFileReference; lastKnownFileType = sourcecode.c.objc; path = MCSVODResourcePrefetcher.m; sourceTree = "<group>"; };
		779645C9248E93B3003C8248 /* MCSLogger.h */ = {isa = PBXFileReference; lastKnownFileType = sourcecode.c.h; path = MCSLogger.h; sourceTree = "<group>"; };
		779645CA248E93B3003C8248 /* MCSLogger.m */ = {isa = PBXFileReference; lastKnownFileType = sourcecode.c.objc; path = MCSLogger.m; sourceTree = "<group>"; };
		779645D4248F42E8003C8248 /* test.m3u8 */ = {isa = PBXFileReference; fileEncoding = 4; lastKnownFileType = text; path = test.m3u8; sourceTree = "<group>"; };
		779645D7248F5083003C8248 /* MCSHLSResource.h */ = {isa = PBXFileReference; lastKnownFileType = sourcecode.c.h; path = MCSHLSResource.h; sourceTree = "<group>"; };
		779645D8248F5083003C8248 /* MCSHLSResource.m */ = {isa = PBXFileReference; lastKnownFileType = sourcecode.c.objc; path = MCSHLSResource.m; sourceTree = "<group>"; };
		779645DA248F532B003C8248 /* NSURLRequest+MCS.h */ = {isa = PBXFileReference; lastKnownFileType = sourcecode.c.h; path = "NSURLRequest+MCS.h"; sourceTree = "<group>"; };
		779645DB248F532B003C8248 /* NSURLRequest+MCS.m */ = {isa = PBXFileReference; lastKnownFileType = sourcecode.c.objc; path = "NSURLRequest+MCS.m"; sourceTree = "<group>"; };
		77A4BBEA2488901A0007836D /* MCSResourceResponse.h */ = {isa = PBXFileReference; lastKnownFileType = sourcecode.c.h; path = MCSResourceResponse.h; sourceTree = "<group>"; };
		77A4BBEB2488901A0007836D /* MCSResourceResponse.m */ = {isa = PBXFileReference; lastKnownFileType = sourcecode.c.objc; path = MCSResourceResponse.m; sourceTree = "<group>"; };
		77A4BBEF2488BFB80007836D /* MCSVODResource+MCSPrivate.h */ = {isa = PBXFileReference; lastKnownFileType = sourcecode.c.h; path = "MCSVODResource+MCSPrivate.h"; sourceTree = "<group>"; };
		77CC43E72487487F006C5B45 /* MCSDownload.m */ = {isa = PBXFileReference; fileEncoding = 4; lastKnownFileType = sourcecode.c.objc; path = MCSDownload.m; sourceTree = "<group>"; };
		77CC43E82487487F006C5B45 /* MCSDownload.h */ = {isa = PBXFileReference; fileEncoding = 4; lastKnownFileType = sourcecode.c.h; path = MCSDownload.h; sourceTree = "<group>"; };
		77CC43FC248774F6006C5B45 /* MCSVODReader.h */ = {isa = PBXFileReference; lastKnownFileType = sourcecode.c.h; path = MCSVODReader.h; sourceTree = "<group>"; };
		77CC43FD248774F6006C5B45 /* MCSVODReader.m */ = {isa = PBXFileReference; lastKnownFileType = sourcecode.c.objc; path = MCSVODReader.m; sourceTree = "<group>"; };
		77CC43FF248778CC006C5B45 /* MCSVODResourcePartialContent.m */ = {isa = PBXFileReference; fileEncoding = 4; lastKnownFileType = sourcecode.c.objc; path = MCSVODResourcePartialContent.m; sourceTree = "<group>"; };
		77CC4400248778CC006C5B45 /* MCSVODResourcePartialContent.h */ = {isa = PBXFileReference; fileEncoding = 4; lastKnownFileType = sourcecode.c.h; path = MCSVODResourcePartialContent.h; sourceTree = "<group>"; };
		77D25D7924877E6000BB1B1A /* MCSResourceFileDataReader.h */ = {isa = PBXFileReference; lastKnownFileType = sourcecode.c.h; path = MCSResourceFileDataReader.h; sourceTree = "<group>"; };
		77D25D7A24877E6000BB1B1A /* MCSResourceFileDataReader.m */ = {isa = PBXFileReference; lastKnownFileType = sourcecode.c.objc; path = MCSResourceFileDataReader.m; sourceTree = "<group>"; };
		77D25D7C24877E6A00BB1B1A /* MCSResourceNetworkDataReader.h */ = {isa = PBXFileReference; lastKnownFileType = sourcecode.c.h; path = MCSResourceNetworkDataReader.h; sourceTree = "<group>"; };
		77D25D7D24877E6A00BB1B1A /* MCSResourceNetworkDataReader.m */ = {isa = PBXFileReference; lastKnownFileType = sourcecode.c.objc; path = MCSResourceNetworkDataReader.m; sourceTree = "<group>"; };
		77D25D7F24877ED600BB1B1A /* MCSResourceDefines.h */ = {isa = PBXFileReference; lastKnownFileType = sourcecode.c.h; path = MCSResourceDefines.h; sourceTree = "<group>"; };
		77D25D8E2487AB1400BB1B1A /* MCSResourceManager.h */ = {isa = PBXFileReference; lastKnownFileType = sourcecode.c.h; path = MCSResourceManager.h; sourceTree = "<group>"; };
		77D25D8F2487AB1400BB1B1A /* MCSResourceManager.m */ = {isa = PBXFileReference; lastKnownFileType = sourcecode.c.objc; path = MCSResourceManager.m; sourceTree = "<group>"; };
		77F619AF248DE807009D3DD7 /* MCSError.h */ = {isa = PBXFileReference; lastKnownFileType = sourcecode.c.h; path = MCSError.h; sourceTree = "<group>"; };
		77F619B0248DE807009D3DD7 /* MCSError.m */ = {isa = PBXFileReference; lastKnownFileType = sourcecode.c.objc; path = MCSError.m; sourceTree = "<group>"; };
		77F619B2248DEBF6009D3DD7 /* MCSUtils.h */ = {isa = PBXFileReference; lastKnownFileType = sourcecode.c.h; path = MCSUtils.h; sourceTree = "<group>"; };
		77F619B3248DEBF6009D3DD7 /* MCSUtils.m */ = {isa = PBXFileReference; lastKnownFileType = sourcecode.c.objc; path = MCSUtils.m; sourceTree = "<group>"; };
		873B8AEA1B1F5CCA007FD442 /* Main.storyboard */ = {isa = PBXFileReference; fileEncoding = 4; lastKnownFileType = file.storyboard; name = Main.storyboard; path = Base.lproj/Main.storyboard; sourceTree = "<group>"; };
		9086DD852505476A19109266 /* LICENSE */ = {isa = PBXFileReference; includeInIndex = 1; lastKnownFileType = text; name = LICENSE; path = ../LICENSE; sourceTree = "<group>"; };
		A62B7547D90D17141E5579C3 /* Pods-SJMediaCacheServer_Example.debug.xcconfig */ = {isa = PBXFileReference; includeInIndex = 1; lastKnownFileType = text.xcconfig; name = "Pods-SJMediaCacheServer_Example.debug.xcconfig"; path = "Target Support Files/Pods-SJMediaCacheServer_Example/Pods-SJMediaCacheServer_Example.debug.xcconfig"; sourceTree = "<group>"; };
		B54C6837CBAA07093C7830B7 /* Pods-SJMediaCacheServer_Example.release.xcconfig */ = {isa = PBXFileReference; includeInIndex = 1; lastKnownFileType = text.xcconfig; name = "Pods-SJMediaCacheServer_Example.release.xcconfig"; path = "Target Support Files/Pods-SJMediaCacheServer_Example/Pods-SJMediaCacheServer_Example.release.xcconfig"; sourceTree = "<group>"; };
		F64D69C34EAB3D8F86AD1E6C /* README.md */ = {isa = PBXFileReference; includeInIndex = 1; lastKnownFileType = net.daringfireball.markdown; name = README.md; path = ../README.md; sourceTree = "<group>"; };
/* End PBXFileReference section */

/* Begin PBXFrameworksBuildPhase section */
		6003F587195388D20070C39A /* Frameworks */ = {
			isa = PBXFrameworksBuildPhase;
			buildActionMask = 2147483647;
			files = (
				6003F590195388D20070C39A /* CoreGraphics.framework in Frameworks */,
				6003F592195388D20070C39A /* UIKit.framework in Frameworks */,
				6003F58E195388D20070C39A /* Foundation.framework in Frameworks */,
				3D3A5962E0F03F48714ECC02 /* libPods-SJMediaCacheServer_Example.a in Frameworks */,
			);
			runOnlyForDeploymentPostprocessing = 0;
		};
		6003F5AB195388D20070C39A /* Frameworks */ = {
			isa = PBXFrameworksBuildPhase;
			buildActionMask = 2147483647;
			files = (
				6003F5B0195388D20070C39A /* XCTest.framework in Frameworks */,
				6003F5B2195388D20070C39A /* UIKit.framework in Frameworks */,
				6003F5B1195388D20070C39A /* Foundation.framework in Frameworks */,
			);
			runOnlyForDeploymentPostprocessing = 0;
		};
/* End PBXFrameworksBuildPhase section */

/* Begin PBXGroup section */
		5BB28C8E2C7B131088C04B31 /* Pods */ = {
			isa = PBXGroup;
			children = (
				A62B7547D90D17141E5579C3 /* Pods-SJMediaCacheServer_Example.debug.xcconfig */,
				B54C6837CBAA07093C7830B7 /* Pods-SJMediaCacheServer_Example.release.xcconfig */,
			);
			path = Pods;
			sourceTree = "<group>";
		};
		6003F581195388D10070C39A = {
			isa = PBXGroup;
			children = (
				60FF7A9C1954A5C5007DD14C /* Podspec Metadata */,
				6003F593195388D20070C39A /* Example for SJMediaCacheServer */,
				6003F5B5195388D20070C39A /* Tests */,
				6003F58C195388D20070C39A /* Frameworks */,
				6003F58B195388D20070C39A /* Products */,
				5BB28C8E2C7B131088C04B31 /* Pods */,
			);
			sourceTree = "<group>";
		};
		6003F58B195388D20070C39A /* Products */ = {
			isa = PBXGroup;
			children = (
				6003F58A195388D20070C39A /* SJMediaCacheServer_Example.app */,
				6003F5AE195388D20070C39A /* SJMediaCacheServer_Tests.xctest */,
			);
			name = Products;
			sourceTree = "<group>";
		};
		6003F58C195388D20070C39A /* Frameworks */ = {
			isa = PBXGroup;
			children = (
				6003F58D195388D20070C39A /* Foundation.framework */,
				6003F58F195388D20070C39A /* CoreGraphics.framework */,
				6003F591195388D20070C39A /* UIKit.framework */,
				6003F5AF195388D20070C39A /* XCTest.framework */,
				6C9EB0F0D442524CE20AF77D /* libPods-SJMediaCacheServer_Example.a */,
				5BE1145C1383D0CE4EDE7F39 /* libPods-SJMediaCacheServer_Tests.a */,
			);
			name = Frameworks;
			sourceTree = "<group>";
		};
		6003F593195388D20070C39A /* Example for SJMediaCacheServer */ = {
			isa = PBXGroup;
			children = (
				6003F59C195388D20070C39A /* SJAppDelegate.h */,
				6003F59D195388D20070C39A /* SJAppDelegate.m */,
				873B8AEA1B1F5CCA007FD442 /* Main.storyboard */,
				6003F5A5195388D20070C39A /* SJViewController.h */,
				6003F5A6195388D20070C39A /* SJViewController.m */,
				770194F5248253C000057D05 /* Test */,
				770194DF2482289E00057D05 /* Lib */,
				71719F9D1E33DC2100824A3D /* LaunchScreen.storyboard */,
				6003F5A8195388D20070C39A /* Images.xcassets */,
				6003F594195388D20070C39A /* Supporting Files */,
			);
			name = "Example for SJMediaCacheServer";
			path = SJMediaCacheServer;
			sourceTree = "<group>";
		};
		6003F594195388D20070C39A /* Supporting Files */ = {
			isa = PBXGroup;
			children = (
				6003F595195388D20070C39A /* SJMediaCacheServer-Info.plist */,
				6003F596195388D20070C39A /* InfoPlist.strings */,
				6003F599195388D20070C39A /* main.m */,
				6003F59B195388D20070C39A /* SJMediaCacheServer-Prefix.pch */,
			);
			name = "Supporting Files";
			sourceTree = "<group>";
		};
		6003F5B5195388D20070C39A /* Tests */ = {
			isa = PBXGroup;
			children = (
				6003F5BB195388D20070C39A /* Tests.m */,
				6003F5B6195388D20070C39A /* Supporting Files */,
			);
			path = Tests;
			sourceTree = "<group>";
		};
		6003F5B6195388D20070C39A /* Supporting Files */ = {
			isa = PBXGroup;
			children = (
				6003F5B7195388D20070C39A /* Tests-Info.plist */,
				6003F5B8195388D20070C39A /* InfoPlist.strings */,
				606FC2411953D9B200FFA9A0 /* Tests-Prefix.pch */,
			);
			name = "Supporting Files";
			sourceTree = "<group>";
		};
		60FF7A9C1954A5C5007DD14C /* Podspec Metadata */ = {
			isa = PBXGroup;
			children = (
				1274DFD2FCE27CB01B3807BF /* SJMediaCacheServer.podspec */,
				F64D69C34EAB3D8F86AD1E6C /* README.md */,
				9086DD852505476A19109266 /* LICENSE */,
			);
			name = "Podspec Metadata";
			sourceTree = "<group>";
		};
		770194DF2482289E00057D05 /* Lib */ = {
			isa = PBXGroup;
			children = (
				770194E0248228A900057D05 /* SJMediaCacheServer.h */,
				770194E1248228A900057D05 /* SJMediaCacheServer.m */,
				77CC43EA2487513F006C5B45 /* Common */,
				77CC43E424874562006C5B45 /* Download */,
				770194E3248228B000057D05 /* ProxyServer */,
				77CC43FB248774ED006C5B45 /* Resource */,
			);
			path = Lib;
			sourceTree = "<group>";
		};
		770194E3248228B000057D05 /* ProxyServer */ = {
			isa = PBXGroup;
			children = (
				7729D83C2486201300462899 /* MCSSessionTask.h */,
				7729D83D2486201300462899 /* MCSSessionTask.m */,
				770194E4248228BD00057D05 /* MCSProxyServer.h */,
				770194E5248228BD00057D05 /* MCSProxyServer.m */,
			);
			path = ProxyServer;
			sourceTree = "<group>";
		};
		770194F5248253C000057D05 /* Test */ = {
			isa = PBXGroup;
			children = (
				779645D4248F42E8003C8248 /* test.m3u8 */,
				770194FB24826ADE00057D05 /* audio.m4a */,
			);
			path = Test;
			sourceTree = "<group>";
		};
		779645D6248F504A003C8248 /* HLS */ = {
			isa = PBXGroup;
			children = (
				779645D7248F5083003C8248 /* MCSHLSResource.h */,
				779645D8248F5083003C8248 /* MCSHLSResource.m */,
				777BA2E0248F84A200333C3B /* MCSHLSResource+MCSPrivate.h */,
				777BA2DD248F7D4800333C3B /* MCSHLSReader.h */,
				777BA2DE248F7D4800333C3B /* MCSHLSReader.m */,
			);
			path = HLS;
			sourceTree = "<group>";
		};
		779645DD248F60B8003C8248 /* VOD */ = {
			isa = PBXGroup;
			children = (
				779645BE248E7809003C8248 /* MCSVODResourcePrefetcher.h */,
				779645BF248E7809003C8248 /* MCSVODResourcePrefetcher.m */,
				77CC43FC248774F6006C5B45 /* MCSVODReader.h */,
				77CC43FD248774F6006C5B45 /* MCSVODReader.m */,
				7729D8362486174C00462899 /* MCSVODResource.h */,
				7729D8372486174C00462899 /* MCSVODResource.m */,
				77A4BBEF2488BFB80007836D /* MCSVODResource+MCSPrivate.h */,
				77CC4400248778CC006C5B45 /* MCSVODResourcePartialContent.h */,
				77CC43FF248778CC006C5B45 /* MCSVODResourcePartialContent.m */,
			);
			path = VOD;
			sourceTree = "<group>";
		};
		77CC43E424874562006C5B45 /* Download */ = {
			isa = PBXGroup;
			children = (
				77CC43E82487487F006C5B45 /* MCSDownload.h */,
				77CC43E72487487F006C5B45 /* MCSDownload.m */,
			);
			path = Download;
			sourceTree = "<group>";
		};
		77CC43EA2487513F006C5B45 /* Common */ = {
			isa = PBXGroup;
			children = (
				770194F42482369500057D05 /* MCSDefines.h */,
				7729D848248657DE00462899 /* MCSURLRecognizer.h */,
				7729D849248657DE00462899 /* MCSURLRecognizer.m */,
				77F619B2248DEBF6009D3DD7 /* MCSUtils.h */,
				77F619B3248DEBF6009D3DD7 /* MCSUtils.m */,
				77F619AF248DE807009D3DD7 /* MCSError.h */,
				77F619B0248DE807009D3DD7 /* MCSError.m */,
				779645C9248E93B3003C8248 /* MCSLogger.h */,
				779645CA248E93B3003C8248 /* MCSLogger.m */,
				779645DA248F532B003C8248 /* NSURLRequest+MCS.h */,
				779645DB248F532B003C8248 /* NSURLRequest+MCS.m */,
			);
			path = Common;
			sourceTree = "<group>";
		};
		77CC43FB248774ED006C5B45 /* Resource */ = {
			isa = PBXGroup;
			children = (
				77D25D8E2487AB1400BB1B1A /* MCSResourceManager.h */,
				77D25D8F2487AB1400BB1B1A /* MCSResourceManager.m */,
				77D25D7F24877ED600BB1B1A /* MCSResourceDefines.h */,
				77D25D7924877E6000BB1B1A /* MCSResourceFileDataReader.h */,
				77D25D7A24877E6000BB1B1A /* MCSResourceFileDataReader.m */,
				77D25D7C24877E6A00BB1B1A /* MCSResourceNetworkDataReader.h */,
				77D25D7D24877E6A00BB1B1A /* MCSResourceNetworkDataReader.m */,
				77A4BBEA2488901A0007836D /* MCSResourceResponse.h */,
				77A4BBEB2488901A0007836D /* MCSResourceResponse.m */,
				774AB9302487B44C0049CAC3 /* MCSResourceFileManager.h */,
				774AB92F2487B44C0049CAC3 /* MCSResourceFileManager.m */,
				777BA2E3248F90D700333C3B /* MCSResource.h */,
				777BA2E4248F90D700333C3B /* MCSResource.m */,
				777BA2E6248F923300333C3B /* MCSResourceSubclass.h */,
				776A20F9248FAA6F00A0EFDD /* MCSResourceUsageLog.h */,
				776A20FA248FAA6F00A0EFDD /* MCSResourceUsageLog.m */,
				779645DD248F60B8003C8248 /* VOD */,
				779645D6248F504A003C8248 /* HLS */,
			);
			path = Resource;
			sourceTree = "<group>";
		};
/* End PBXGroup section */

/* Begin PBXNativeTarget section */
		6003F589195388D20070C39A /* SJMediaCacheServer_Example */ = {
			isa = PBXNativeTarget;
			buildConfigurationList = 6003F5BF195388D20070C39A /* Build configuration list for PBXNativeTarget "SJMediaCacheServer_Example" */;
			buildPhases = (
				B7117CF8124B4B7288DF6616 /* [CP] Check Pods Manifest.lock */,
				6003F586195388D20070C39A /* Sources */,
				6003F587195388D20070C39A /* Frameworks */,
				6003F588195388D20070C39A /* Resources */,
				F64733AFB98FE10FC10E160A /* [CP] Copy Pods Resources */,
			);
			buildRules = (
			);
			dependencies = (
			);
			name = SJMediaCacheServer_Example;
			productName = SJMediaCacheServer;
			productReference = 6003F58A195388D20070C39A /* SJMediaCacheServer_Example.app */;
			productType = "com.apple.product-type.application";
		};
		6003F5AD195388D20070C39A /* SJMediaCacheServer_Tests */ = {
			isa = PBXNativeTarget;
			buildConfigurationList = 6003F5C2195388D20070C39A /* Build configuration list for PBXNativeTarget "SJMediaCacheServer_Tests" */;
			buildPhases = (
				6003F5AA195388D20070C39A /* Sources */,
				6003F5AB195388D20070C39A /* Frameworks */,
				6003F5AC195388D20070C39A /* Resources */,
			);
			buildRules = (
			);
			dependencies = (
				6003F5B4195388D20070C39A /* PBXTargetDependency */,
			);
			name = SJMediaCacheServer_Tests;
			productName = SJMediaCacheServerTests;
			productReference = 6003F5AE195388D20070C39A /* SJMediaCacheServer_Tests.xctest */;
			productType = "com.apple.product-type.bundle.unit-test";
		};
/* End PBXNativeTarget section */

/* Begin PBXProject section */
		6003F582195388D10070C39A /* Project object */ = {
			isa = PBXProject;
			attributes = {
				CLASSPREFIX = SJ;
				LastUpgradeCheck = 1150;
				ORGANIZATIONNAME = "changsanjiang@gmail.com";
				TargetAttributes = {
					6003F589195388D20070C39A = {
						DevelopmentTeam = U5A7L7SMNP;
					};
					6003F5AD195388D20070C39A = {
						TestTargetID = 6003F589195388D20070C39A;
					};
				};
			};
			buildConfigurationList = 6003F585195388D10070C39A /* Build configuration list for PBXProject "SJMediaCacheServer" */;
			compatibilityVersion = "Xcode 3.2";
			developmentRegion = en;
			hasScannedForEncodings = 0;
			knownRegions = (
				en,
				Base,
			);
			mainGroup = 6003F581195388D10070C39A;
			productRefGroup = 6003F58B195388D20070C39A /* Products */;
			projectDirPath = "";
			projectRoot = "";
			targets = (
				6003F589195388D20070C39A /* SJMediaCacheServer_Example */,
				6003F5AD195388D20070C39A /* SJMediaCacheServer_Tests */,
			);
		};
/* End PBXProject section */

/* Begin PBXResourcesBuildPhase section */
		6003F588195388D20070C39A /* Resources */ = {
			isa = PBXResourcesBuildPhase;
			buildActionMask = 2147483647;
			files = (
				873B8AEB1B1F5CCA007FD442 /* Main.storyboard in Resources */,
				71719F9F1E33DC2100824A3D /* LaunchScreen.storyboard in Resources */,
				6003F5A9195388D20070C39A /* Images.xcassets in Resources */,
				770194FC24826ADE00057D05 /* audio.m4a in Resources */,
				779645D5248F42E8003C8248 /* test.m3u8 in Resources */,
				6003F598195388D20070C39A /* InfoPlist.strings in Resources */,
			);
			runOnlyForDeploymentPostprocessing = 0;
		};
		6003F5AC195388D20070C39A /* Resources */ = {
			isa = PBXResourcesBuildPhase;
			buildActionMask = 2147483647;
			files = (
				6003F5BA195388D20070C39A /* InfoPlist.strings in Resources */,
			);
			runOnlyForDeploymentPostprocessing = 0;
		};
/* End PBXResourcesBuildPhase section */

/* Begin PBXShellScriptBuildPhase section */
		B7117CF8124B4B7288DF6616 /* [CP] Check Pods Manifest.lock */ = {
			isa = PBXShellScriptBuildPhase;
			buildActionMask = 2147483647;
			files = (
			);
			inputFileListPaths = (
			);
			inputPaths = (
				"${PODS_PODFILE_DIR_PATH}/Podfile.lock",
				"${PODS_ROOT}/Manifest.lock",
			);
			name = "[CP] Check Pods Manifest.lock";
			outputFileListPaths = (
			);
			outputPaths = (
				"$(DERIVED_FILE_DIR)/Pods-SJMediaCacheServer_Example-checkManifestLockResult.txt",
			);
			runOnlyForDeploymentPostprocessing = 0;
			shellPath = /bin/sh;
			shellScript = "diff \"${PODS_PODFILE_DIR_PATH}/Podfile.lock\" \"${PODS_ROOT}/Manifest.lock\" > /dev/null\nif [ $? != 0 ] ; then\n    # print error to STDERR\n    echo \"error: The sandbox is not in sync with the Podfile.lock. Run 'pod install' or update your CocoaPods installation.\" >&2\n    exit 1\nfi\n# This output is used by Xcode 'outputs' to avoid re-running this script phase.\necho \"SUCCESS\" > \"${SCRIPT_OUTPUT_FILE_0}\"\n";
			showEnvVarsInLog = 0;
		};
		F64733AFB98FE10FC10E160A /* [CP] Copy Pods Resources */ = {
			isa = PBXShellScriptBuildPhase;
			buildActionMask = 2147483647;
			files = (
			);
			inputPaths = (
				"${PODS_ROOT}/Target Support Files/Pods-SJMediaCacheServer_Example/Pods-SJMediaCacheServer_Example-resources.sh",
				"${PODS_ROOT}/SJBaseVideoPlayer/SJBaseVideoPlayer/ResourceLoader/SJBaseVideoPlayerResources.bundle",
				"${PODS_ROOT}/SJVideoPlayer/SJVideoPlayer/ResourceLoader/SJVideoPlayer.bundle",
			);
			name = "[CP] Copy Pods Resources";
			outputPaths = (
				"${TARGET_BUILD_DIR}/${UNLOCALIZED_RESOURCES_FOLDER_PATH}/SJBaseVideoPlayerResources.bundle",
				"${TARGET_BUILD_DIR}/${UNLOCALIZED_RESOURCES_FOLDER_PATH}/SJVideoPlayer.bundle",
			);
			runOnlyForDeploymentPostprocessing = 0;
			shellPath = /bin/sh;
			shellScript = "\"${PODS_ROOT}/Target Support Files/Pods-SJMediaCacheServer_Example/Pods-SJMediaCacheServer_Example-resources.sh\"\n";
			showEnvVarsInLog = 0;
		};
/* End PBXShellScriptBuildPhase section */

/* Begin PBXSourcesBuildPhase section */
		6003F586195388D20070C39A /* Sources */ = {
			isa = PBXSourcesBuildPhase;
			buildActionMask = 2147483647;
			files = (
				7729D84A248657DE00462899 /* MCSURLRecognizer.m in Sources */,
				779645D9248F5083003C8248 /* MCSHLSResource.m in Sources */,
				77CC43E92487487F006C5B45 /* MCSDownload.m in Sources */,
				777BA2DF248F7D4800333C3B /* MCSHLSReader.m in Sources */,
				77F619B1248DE807009D3DD7 /* MCSError.m in Sources */,
				77CC4401248778CC006C5B45 /* MCSVODResourcePartialContent.m in Sources */,
				77CC43FE248774F6006C5B45 /* MCSVODReader.m in Sources */,
				779645CB248E93B3003C8248 /* MCSLogger.m in Sources */,
				770194E6248228BD00057D05 /* MCSProxyServer.m in Sources */,
				6003F59E195388D20070C39A /* SJAppDelegate.m in Sources */,
				779645DC248F532B003C8248 /* NSURLRequest+MCS.m in Sources */,
				777BA2E5248F90D700333C3B /* MCSResource.m in Sources */,
				6003F5A7195388D20070C39A /* SJViewController.m in Sources */,
				77D25D7B24877E6000BB1B1A /* MCSResourceFileDataReader.m in Sources */,
				776A20FB248FAA6F00A0EFDD /* MCSResourceUsageLog.m in Sources */,
				6003F59A195388D20070C39A /* main.m in Sources */,
				77D25D7E24877E6A00BB1B1A /* MCSResourceNetworkDataReader.m in Sources */,
				7729D8382486174C00462899 /* MCSVODResource.m in Sources */,
				779645C0248E7809003C8248 /* MCSVODResourcePrefetcher.m in Sources */,
				774AB9312487B44C0049CAC3 /* MCSResourceFileManager.m in Sources */,
				770194E2248228A900057D05 /* SJMediaCacheServer.m in Sources */,
				77D25D902487AB1400BB1B1A /* MCSResourceManager.m in Sources */,
				77F619B4248DEBF6009D3DD7 /* MCSUtils.m in Sources */,
				7729D83E2486201300462899 /* MCSSessionTask.m in Sources */,
				77A4BBEC2488901A0007836D /* MCSResourceResponse.m in Sources */,
			);
			runOnlyForDeploymentPostprocessing = 0;
		};
		6003F5AA195388D20070C39A /* Sources */ = {
			isa = PBXSourcesBuildPhase;
			buildActionMask = 2147483647;
			files = (
				6003F5BC195388D20070C39A /* Tests.m in Sources */,
			);
			runOnlyForDeploymentPostprocessing = 0;
		};
/* End PBXSourcesBuildPhase section */

/* Begin PBXTargetDependency section */
		6003F5B4195388D20070C39A /* PBXTargetDependency */ = {
			isa = PBXTargetDependency;
			target = 6003F589195388D20070C39A /* SJMediaCacheServer_Example */;
			targetProxy = 6003F5B3195388D20070C39A /* PBXContainerItemProxy */;
		};
/* End PBXTargetDependency section */

/* Begin PBXVariantGroup section */
		6003F596195388D20070C39A /* InfoPlist.strings */ = {
			isa = PBXVariantGroup;
			children = (
				6003F597195388D20070C39A /* en */,
			);
			name = InfoPlist.strings;
			sourceTree = "<group>";
		};
		6003F5B8195388D20070C39A /* InfoPlist.strings */ = {
			isa = PBXVariantGroup;
			children = (
				6003F5B9195388D20070C39A /* en */,
			);
			name = InfoPlist.strings;
			sourceTree = "<group>";
		};
		71719F9D1E33DC2100824A3D /* LaunchScreen.storyboard */ = {
			isa = PBXVariantGroup;
			children = (
				71719F9E1E33DC2100824A3D /* Base */,
			);
			name = LaunchScreen.storyboard;
			sourceTree = "<group>";
		};
/* End PBXVariantGroup section */

/* Begin XCBuildConfiguration section */
		6003F5BD195388D20070C39A /* Debug */ = {
			isa = XCBuildConfiguration;
			buildSettings = {
				ALWAYS_SEARCH_USER_PATHS = NO;
				CLANG_ANALYZER_LOCALIZABILITY_NONLOCALIZED = YES;
				CLANG_CXX_LANGUAGE_STANDARD = "gnu++0x";
				CLANG_CXX_LIBRARY = "libc++";
				CLANG_ENABLE_MODULES = YES;
				CLANG_ENABLE_OBJC_ARC = YES;
				CLANG_WARN_BLOCK_CAPTURE_AUTORELEASING = YES;
				CLANG_WARN_BOOL_CONVERSION = YES;
				CLANG_WARN_COMMA = YES;
				CLANG_WARN_CONSTANT_CONVERSION = YES;
				CLANG_WARN_DEPRECATED_OBJC_IMPLEMENTATIONS = YES;
				CLANG_WARN_DIRECT_OBJC_ISA_USAGE = YES_ERROR;
				CLANG_WARN_EMPTY_BODY = YES;
				CLANG_WARN_ENUM_CONVERSION = YES;
				CLANG_WARN_INFINITE_RECURSION = YES;
				CLANG_WARN_INT_CONVERSION = YES;
				CLANG_WARN_NON_LITERAL_NULL_CONVERSION = YES;
				CLANG_WARN_OBJC_IMPLICIT_RETAIN_SELF = YES;
				CLANG_WARN_OBJC_LITERAL_CONVERSION = YES;
				CLANG_WARN_OBJC_ROOT_CLASS = YES_ERROR;
				CLANG_WARN_RANGE_LOOP_ANALYSIS = YES;
				CLANG_WARN_STRICT_PROTOTYPES = YES;
				CLANG_WARN_SUSPICIOUS_MOVE = YES;
				CLANG_WARN_UNREACHABLE_CODE = YES;
				CLANG_WARN__DUPLICATE_METHOD_MATCH = YES;
				"CODE_SIGN_IDENTITY[sdk=iphoneos*]" = "iPhone Developer";
				COPY_PHASE_STRIP = NO;
				ENABLE_STRICT_OBJC_MSGSEND = YES;
				ENABLE_TESTABILITY = YES;
				GCC_C_LANGUAGE_STANDARD = gnu99;
				GCC_DYNAMIC_NO_PIC = NO;
				GCC_NO_COMMON_BLOCKS = YES;
				GCC_OPTIMIZATION_LEVEL = 0;
				GCC_PREPROCESSOR_DEFINITIONS = (
					"DEBUG=1",
					"$(inherited)",
				);
				GCC_SYMBOLS_PRIVATE_EXTERN = NO;
				GCC_WARN_64_TO_32_BIT_CONVERSION = YES;
				GCC_WARN_ABOUT_RETURN_TYPE = YES_ERROR;
				GCC_WARN_UNDECLARED_SELECTOR = YES;
				GCC_WARN_UNINITIALIZED_AUTOS = YES_AGGRESSIVE;
				GCC_WARN_UNUSED_FUNCTION = YES;
				GCC_WARN_UNUSED_VARIABLE = YES;
				IPHONEOS_DEPLOYMENT_TARGET = 9.3;
				ONLY_ACTIVE_ARCH = YES;
				SDKROOT = iphoneos;
				TARGETED_DEVICE_FAMILY = "1,2";
			};
			name = Debug;
		};
		6003F5BE195388D20070C39A /* Release */ = {
			isa = XCBuildConfiguration;
			buildSettings = {
				ALWAYS_SEARCH_USER_PATHS = NO;
				CLANG_ANALYZER_LOCALIZABILITY_NONLOCALIZED = YES;
				CLANG_CXX_LANGUAGE_STANDARD = "gnu++0x";
				CLANG_CXX_LIBRARY = "libc++";
				CLANG_ENABLE_MODULES = YES;
				CLANG_ENABLE_OBJC_ARC = YES;
				CLANG_WARN_BLOCK_CAPTURE_AUTORELEASING = YES;
				CLANG_WARN_BOOL_CONVERSION = YES;
				CLANG_WARN_COMMA = YES;
				CLANG_WARN_CONSTANT_CONVERSION = YES;
				CLANG_WARN_DEPRECATED_OBJC_IMPLEMENTATIONS = YES;
				CLANG_WARN_DIRECT_OBJC_ISA_USAGE = YES_ERROR;
				CLANG_WARN_EMPTY_BODY = YES;
				CLANG_WARN_ENUM_CONVERSION = YES;
				CLANG_WARN_INFINITE_RECURSION = YES;
				CLANG_WARN_INT_CONVERSION = YES;
				CLANG_WARN_NON_LITERAL_NULL_CONVERSION = YES;
				CLANG_WARN_OBJC_IMPLICIT_RETAIN_SELF = YES;
				CLANG_WARN_OBJC_LITERAL_CONVERSION = YES;
				CLANG_WARN_OBJC_ROOT_CLASS = YES_ERROR;
				CLANG_WARN_RANGE_LOOP_ANALYSIS = YES;
				CLANG_WARN_STRICT_PROTOTYPES = YES;
				CLANG_WARN_SUSPICIOUS_MOVE = YES;
				CLANG_WARN_UNREACHABLE_CODE = YES;
				CLANG_WARN__DUPLICATE_METHOD_MATCH = YES;
				"CODE_SIGN_IDENTITY[sdk=iphoneos*]" = "iPhone Developer";
				COPY_PHASE_STRIP = YES;
				ENABLE_NS_ASSERTIONS = NO;
				ENABLE_STRICT_OBJC_MSGSEND = YES;
				GCC_C_LANGUAGE_STANDARD = gnu99;
				GCC_NO_COMMON_BLOCKS = YES;
				GCC_WARN_64_TO_32_BIT_CONVERSION = YES;
				GCC_WARN_ABOUT_RETURN_TYPE = YES_ERROR;
				GCC_WARN_UNDECLARED_SELECTOR = YES;
				GCC_WARN_UNINITIALIZED_AUTOS = YES_AGGRESSIVE;
				GCC_WARN_UNUSED_FUNCTION = YES;
				GCC_WARN_UNUSED_VARIABLE = YES;
				IPHONEOS_DEPLOYMENT_TARGET = 9.3;
				SDKROOT = iphoneos;
				TARGETED_DEVICE_FAMILY = "1,2";
				VALIDATE_PRODUCT = YES;
			};
			name = Release;
		};
		6003F5C0195388D20070C39A /* Debug */ = {
			isa = XCBuildConfiguration;
			baseConfigurationReference = A62B7547D90D17141E5579C3 /* Pods-SJMediaCacheServer_Example.debug.xcconfig */;
			buildSettings = {
				ASSETCATALOG_COMPILER_APPICON_NAME = AppIcon;
				DEVELOPMENT_TEAM = U5A7L7SMNP;
				GCC_PRECOMPILE_PREFIX_HEADER = YES;
				GCC_PREFIX_HEADER = "SJMediaCacheServer/SJMediaCacheServer-Prefix.pch";
				INFOPLIST_FILE = "SJMediaCacheServer/SJMediaCacheServer-Info.plist";
				MODULE_NAME = ExampleApp;
				PRODUCT_BUNDLE_IDENTIFIER = "org.cocoapods.demo.${PRODUCT_NAME:rfc1034identifier}";
				PRODUCT_NAME = "$(TARGET_NAME)";
				SWIFT_VERSION = 4.0;
				WRAPPER_EXTENSION = app;
			};
			name = Debug;
		};
		6003F5C1195388D20070C39A /* Release */ = {
			isa = XCBuildConfiguration;
			baseConfigurationReference = B54C6837CBAA07093C7830B7 /* Pods-SJMediaCacheServer_Example.release.xcconfig */;
			buildSettings = {
				ASSETCATALOG_COMPILER_APPICON_NAME = AppIcon;
				DEVELOPMENT_TEAM = U5A7L7SMNP;
				GCC_PRECOMPILE_PREFIX_HEADER = YES;
				GCC_PREFIX_HEADER = "SJMediaCacheServer/SJMediaCacheServer-Prefix.pch";
				INFOPLIST_FILE = "SJMediaCacheServer/SJMediaCacheServer-Info.plist";
				MODULE_NAME = ExampleApp;
				PRODUCT_BUNDLE_IDENTIFIER = "org.cocoapods.demo.${PRODUCT_NAME:rfc1034identifier}";
				PRODUCT_NAME = "$(TARGET_NAME)";
				SWIFT_VERSION = 4.0;
				WRAPPER_EXTENSION = app;
			};
			name = Release;
		};
		6003F5C3195388D20070C39A /* Debug */ = {
			isa = XCBuildConfiguration;
			buildSettings = {
				BUNDLE_LOADER = "$(TEST_HOST)";
				FRAMEWORK_SEARCH_PATHS = (
					"$(PLATFORM_DIR)/Developer/Library/Frameworks",
					"$(inherited)",
					"$(DEVELOPER_FRAMEWORKS_DIR)",
				);
				GCC_PRECOMPILE_PREFIX_HEADER = YES;
				GCC_PREFIX_HEADER = "Tests/Tests-Prefix.pch";
				GCC_PREPROCESSOR_DEFINITIONS = (
					"DEBUG=1",
					"$(inherited)",
				);
				INFOPLIST_FILE = "Tests/Tests-Info.plist";
				PRODUCT_BUNDLE_IDENTIFIER = "org.cocoapods.demo.${PRODUCT_NAME:rfc1034identifier}";
				PRODUCT_NAME = "$(TARGET_NAME)";
				SWIFT_VERSION = 4.0;
				TEST_HOST = "$(BUILT_PRODUCTS_DIR)/SJMediaCacheServer_Example.app/SJMediaCacheServer_Example";
				WRAPPER_EXTENSION = xctest;
			};
			name = Debug;
		};
		6003F5C4195388D20070C39A /* Release */ = {
			isa = XCBuildConfiguration;
			buildSettings = {
				BUNDLE_LOADER = "$(TEST_HOST)";
				FRAMEWORK_SEARCH_PATHS = (
					"$(PLATFORM_DIR)/Developer/Library/Frameworks",
					"$(inherited)",
					"$(DEVELOPER_FRAMEWORKS_DIR)",
				);
				GCC_PRECOMPILE_PREFIX_HEADER = YES;
				GCC_PREFIX_HEADER = "Tests/Tests-Prefix.pch";
				INFOPLIST_FILE = "Tests/Tests-Info.plist";
				PRODUCT_BUNDLE_IDENTIFIER = "org.cocoapods.demo.${PRODUCT_NAME:rfc1034identifier}";
				PRODUCT_NAME = "$(TARGET_NAME)";
				SWIFT_VERSION = 4.0;
				TEST_HOST = "$(BUILT_PRODUCTS_DIR)/SJMediaCacheServer_Example.app/SJMediaCacheServer_Example";
				WRAPPER_EXTENSION = xctest;
			};
			name = Release;
		};
/* End XCBuildConfiguration section */

/* Begin XCConfigurationList section */
		6003F585195388D10070C39A /* Build configuration list for PBXProject "SJMediaCacheServer" */ = {
			isa = XCConfigurationList;
			buildConfigurations = (
				6003F5BD195388D20070C39A /* Debug */,
				6003F5BE195388D20070C39A /* Release */,
			);
			defaultConfigurationIsVisible = 0;
			defaultConfigurationName = Release;
		};
		6003F5BF195388D20070C39A /* Build configuration list for PBXNativeTarget "SJMediaCacheServer_Example" */ = {
			isa = XCConfigurationList;
			buildConfigurations = (
				6003F5C0195388D20070C39A /* Debug */,
				6003F5C1195388D20070C39A /* Release */,
			);
			defaultConfigurationIsVisible = 0;
			defaultConfigurationName = Release;
		};
		6003F5C2195388D20070C39A /* Build configuration list for PBXNativeTarget "SJMediaCacheServer_Tests" */ = {
			isa = XCConfigurationList;
			buildConfigurations = (
				6003F5C3195388D20070C39A /* Debug */,
				6003F5C4195388D20070C39A /* Release */,
			);
			defaultConfigurationIsVisible = 0;
			defaultConfigurationName = Release;
		};
/* End XCConfigurationList section */
	};
	rootObject = 6003F582195388D10070C39A /* Project object */;
}
